
Microsoft Visual Studio Solution File, Format Version 10.00
# Visual Studio 2008
Project("{8BC9CEB8-8B4A-11D0-8D11-00A0C91BC942}") = "bgPlatform", "bgPlatform\bgPlatform.vcproj", "{01AB44A1-A1DC-48EB-AF8A-CEC989D4240B}"
EndProject
Project("{2150E333-8FDC-42A3-9474-1A3956D46DE8}") = "99. 客户端平台", "99. 客户端平台", "{98F3F7E5-9FBD-44D7-B892-102EFBB4962C}"
EndProject
Project("{2150E333-8FDC-42A3-9474-1A3956D46DE8}") = "98. 业务插件", "98. 业务插件", "{19C7A921-3DA6-4562-95D8-F8C5F7EC165D}"
EndProject
Project("{8BC9CEB8-8B4A-11D0-8D11-00A0C91BC942}") = "bgTransport", "bgTransport\bgTransport.vcproj", "{2964A865-7317-4BCD-86A1-86E721C98367}"
EndProject
Project("{8BC9CEB8-8B4A-11D0-8D11-00A0C91BC942}") = "bgCommandHandler", "bgCommandHandler\bgCommandHandler.vcproj", "{2B222171-703D-4A8F-AFD3-2748E7FC6C09}"
EndProject
Project("{2150E333-8FDC-42A3-9474-1A3956D46DE8}") = "0. 协议传输", "0. 协议传输", "{6B81982C-4765-4E70-B424-8DD1F3BB1D4D}"
EndProject
Project("{2150E333-8FDC-42A3-9474-1A3956D46DE8}") = "1. 客户端命令处理器", "1. 客户端命令处理器", "{C758AF6D-7320-4382-8FC1-C23ED9164B82}"
EndProject
Project("{2150E333-8FDC-42A3-9474-1A3956D46DE8}") = "00. 基础库", "00. 基础库", "{04545EAF-BD1E-4EE2-A2A6-0F5D2E6B9AFB}"
EndProject
Project("{8BC9CEB8-8B4A-11D0-8D11-00A0C91BC942}") = "bgBase", "bgBase\bgBase.vcproj", "{40EA3195-B3FB-49AD-A3AA-7CFEE79E3C0F}"
EndProject
Project("{2150E333-8FDC-42A3-9474-1A3956D46DE8}") = "97. 扫站工具", "97. 扫站工具", "{3A538EA7-BF80-4527-ADDB-BF5AA1E13B52}"
EndProject
Project("{2150E333-8FDC-42A3-9474-1A3956D46DE8}") = "001. 91gxfl.com扫站", "001. 91gxfl.com扫站", "{A4FC8A77-6772-4BA2-95DF-54459F990D41}"
EndProject
Project("{8BC9CEB8-8B4A-11D0-8D11-00A0C91BC942}") = "Scanner_91gxfl", "Scanner_91gxfl\Scanner_91gxfl.vcproj", "{146F5140-2675-4B81-BA95-1B1A16526509}"
EndProject
Project("{2150E333-8FDC-42A3-9474-1A3956D46DE8}") = "01. Poco库练习", "01. Poco库练习", "{0A126B34-57D1-46DB-A6CB-C320F8519C75}"
EndProject
Project("{2150E333-8FDC-42A3-9474-1A3956D46DE8}") = "01. 线程和线程池", "01. 线程和线程池", "{10104EED-9CA8-4626-A0CB-0C88B7364703}"
EndProject
Project("{8BC9CEB8-8B4A-11D0-8D11-00A0C91BC942}") = "PocoThread", "PocoThread\PocoThread.vcproj", "{1AE28D7C-E504-4282-BFB3-AEAE0A6F90D6}"
EndProject
Project("{8BC9CEB8-8B4A-11D0-8D11-00A0C91BC942}") = "PocoThreadPool", "PocoThreadPool\PocoThreadPool.vcproj", "{B19F85D4-71AA-4AC2-AF6B-75A41BE033E7}"
EndProject
Global
	GlobalSection(SolutionConfigurationPlatforms) = preSolution
		Debug|Win32 = Debug|Win32
		Release|Win32 = Release|Win32
	EndGlobalSection
	GlobalSection(ProjectConfigurationPlatforms) = postSolution
		{01AB44A1-A1DC-48EB-AF8A-CEC989D4240B}.Debug|Win32.ActiveCfg = Debug|Win32
		{01AB44A1-A1DC-48EB-AF8A-CEC989D4240B}.Debug|Win32.Build.0 = Debug|Win32
		{01AB44A1-A1DC-48EB-AF8A-CEC989D4240B}.Release|Win32.ActiveCfg = Release|Win32
		{01AB44A1-A1DC-48EB-AF8A-CEC989D4240B}.Release|Win32.Build.0 = Release|Win32
		{2964A865-7317-4BCD-86A1-86E721C98367}.Debug|Win32.ActiveCfg = Debug|Win32
		{2964A865-7317-4BCD-86A1-86E721C98367}.Debug|Win32.Build.0 = Debug|Win32
		{2964A865-7317-4BCD-86A1-86E721C98367}.Release|Win32.ActiveCfg = Release|Win32
		{2964A865-7317-4BCD-86A1-86E721C98367}.Release|Win32.Build.0 = Release|Win32
		{2B222171-703D-4A8F-AFD3-2748E7FC6C09}.Debug|Win32.ActiveCfg = Debug|Win32
		{2B222171-703D-4A8F-AFD3-2748E7FC6C09}.Debug|Win32.Build.0 = Debug|Win32
		{2B222171-703D-4A8F-AFD3-2748E7FC6C09}.Release|Win32.ActiveCfg = Release|Win32
		{2B222171-703D-4A8F-AFD3-2748E7FC6C09}.Release|Win32.Build.0 = Release|Win32
		{40EA3195-B3FB-49AD-A3AA-7CFEE79E3C0F}.Debug|Win32.ActiveCfg = Debug|Win32
		{40EA3195-B3FB-49AD-A3AA-7CFEE79E3C0F}.Debug|Win32.Build.0 = Debug|Win32
		{40EA3195-B3FB-49AD-A3AA-7CFEE79E3C0F}.Release|Win32.ActiveCfg = Release|Win32
		{40EA3195-B3FB-49AD-A3AA-7CFEE79E3C0F}.Release|Win32.Build.0 = Release|Win32
		{146F5140-2675-4B81-BA95-1B1A16526509}.Debug|Win32.ActiveCfg = Debug|Win32
		{146F5140-2675-4B81-BA95-1B1A16526509}.Debug|Win32.Build.0 = Debug|Win32
		{146F5140-2675-4B81-BA95-1B1A16526509}.Release|Win32.ActiveCfg = Release|Win32
		{146F5140-2675-4B81-BA95-1B1A16526509}.Release|Win32.Build.0 = Release|Win32
		{1AE28D7C-E504-4282-BFB3-AEAE0A6F90D6}.Debug|Win32.ActiveCfg = Debug|Win32
		{1AE28D7C-E504-4282-BFB3-AEAE0A6F90D6}.Debug|Win32.Build.0 = Debug|Win32
		{1AE28D7C-E504-4282-BFB3-AEAE0A6F90D6}.Release|Win32.ActiveCfg = Release|Win32
		{1AE28D7C-E504-4282-BFB3-AEAE0A6F90D6}.Release|Win32.Build.0 = Release|Win32
		{B19F85D4-71AA-4AC2-AF6B-75A41BE033E7}.Debug|Win32.ActiveCfg = Debug|Win32
		{B19F85D4-71AA-4AC2-AF6B-75A41BE033E7}.Debug|Win32.Build.0 = Debug|Win32
		{B19F85D4-71AA-4AC2-AF6B-75A41BE033E7}.Release|Win32.ActiveCfg = Release|Win32
		{B19F85D4-71AA-4AC2-AF6B-75A41BE033E7}.Release|Win32.Build.0 = Release|Win32
	EndGlobalSection
	GlobalSection(SolutionProperties) = preSolution
		HideSolutionNode = FALSE
	EndGlobalSection
	GlobalSection(NestedProjects) = preSolution
		{01AB44A1-A1DC-48EB-AF8A-CEC989D4240B} = {98F3F7E5-9FBD-44D7-B892-102EFBB4962C}
		{6B81982C-4765-4E70-B424-8DD1F3BB1D4D} = {19C7A921-3DA6-4562-95D8-F8C5F7EC165D}
		{C758AF6D-7320-4382-8FC1-C23ED9164B82} = {19C7A921-3DA6-4562-95D8-F8C5F7EC165D}
		{2964A865-7317-4BCD-86A1-86E721C98367} = {6B81982C-4765-4E70-B424-8DD1F3BB1D4D}
		{2B222171-703D-4A8F-AFD3-2748E7FC6C09} = {C758AF6D-7320-4382-8FC1-C23ED9164B82}
		{40EA3195-B3FB-49AD-A3AA-7CFEE79E3C0F} = {04545EAF-BD1E-4EE2-A2A6-0F5D2E6B9AFB}
		{A4FC8A77-6772-4BA2-95DF-54459F990D41} = {3A538EA7-BF80-4527-ADDB-BF5AA1E13B52}
		{146F5140-2675-4B81-BA95-1B1A16526509} = {A4FC8A77-6772-4BA2-95DF-54459F990D41}
		{10104EED-9CA8-4626-A0CB-0C88B7364703} = {0A126B34-57D1-46DB-A6CB-C320F8519C75}
		{1AE28D7C-E504-4282-BFB3-AEAE0A6F90D6} = {10104EED-9CA8-4626-A0CB-0C88B7364703}
		{B19F85D4-71AA-4AC2-AF6B-75A41BE033E7} = {10104EED-9CA8-4626-A0CB-0C88B7364703}
	EndGlobalSection
EndGlobal
