
Microsoft Visual Studio Solution File, Format Version 10.00
# Visual Studio 2008
Project("{8BC9CEB8-8B4A-11D0-8D11-00A0C91BC942}") = "bgLiveVideoSurveillanceSystem", "bgLiveVideoSurveillanceSystem\bgLiveVideoSurveillanceSystem.vcproj", "{5211A95D-54C4-4181-A97D-18597D5BF1E1}"
	ProjectSection(ProjectDependencies) = postProject
		{2227094A-B5D5-4841-A81C-7E11E683E1E7} = {2227094A-B5D5-4841-A81C-7E11E683E1E7}
	EndProjectSection
EndProject
Project("{8BC9CEB8-8B4A-11D0-8D11-00A0C91BC942}") = "bgSniffer", "bgSniffer\bgSniffer.vcproj", "{2227094A-B5D5-4841-A81C-7E11E683E1E7}"
	ProjectSection(ProjectDependencies) = postProject
		{45640805-FC40-4F42-9317-8E65D9BD5E13} = {45640805-FC40-4F42-9317-8E65D9BD5E13}
	EndProjectSection
EndProject
Project("{8BC9CEB8-8B4A-11D0-8D11-00A0C91BC942}") = "bgStreamRecorder", "bgStreamRecorder\bgStreamRecorder.vcproj", "{E2C432BF-0131-4310-A6BD-2C884A5A196D}"
EndProject
Project("{8BC9CEB8-8B4A-11D0-8D11-00A0C91BC942}") = "bgBase", "bgBase\bgBase.vcproj", "{45640805-FC40-4F42-9317-8E65D9BD5E13}"
EndProject
Global
	GlobalSection(SolutionConfigurationPlatforms) = preSolution
		Debug|Win32 = Debug|Win32
		Release|Win32 = Release|Win32
	EndGlobalSection
	GlobalSection(ProjectConfigurationPlatforms) = postSolution
		{5211A95D-54C4-4181-A97D-18597D5BF1E1}.Debug|Win32.ActiveCfg = Debug|Win32
		{5211A95D-54C4-4181-A97D-18597D5BF1E1}.Debug|Win32.Build.0 = Debug|Win32
		{5211A95D-54C4-4181-A97D-18597D5BF1E1}.Release|Win32.ActiveCfg = Release|Win32
		{5211A95D-54C4-4181-A97D-18597D5BF1E1}.Release|Win32.Build.0 = Release|Win32
		{2227094A-B5D5-4841-A81C-7E11E683E1E7}.Debug|Win32.ActiveCfg = Debug|Win32
		{2227094A-B5D5-4841-A81C-7E11E683E1E7}.Debug|Win32.Build.0 = Debug|Win32
		{2227094A-B5D5-4841-A81C-7E11E683E1E7}.Release|Win32.ActiveCfg = Release|Win32
		{2227094A-B5D5-4841-A81C-7E11E683E1E7}.Release|Win32.Build.0 = Release|Win32
		{E2C432BF-0131-4310-A6BD-2C884A5A196D}.Debug|Win32.ActiveCfg = Debug|Win32
		{E2C432BF-0131-4310-A6BD-2C884A5A196D}.Debug|Win32.Build.0 = Debug|Win32
		{E2C432BF-0131-4310-A6BD-2C884A5A196D}.Release|Win32.ActiveCfg = Release|Win32
		{E2C432BF-0131-4310-A6BD-2C884A5A196D}.Release|Win32.Build.0 = Release|Win32
		{45640805-FC40-4F42-9317-8E65D9BD5E13}.Debug|Win32.ActiveCfg = Debug|Win32
		{45640805-FC40-4F42-9317-8E65D9BD5E13}.Debug|Win32.Build.0 = Debug|Win32
		{45640805-FC40-4F42-9317-8E65D9BD5E13}.Release|Win32.ActiveCfg = Release|Win32
		{45640805-FC40-4F42-9317-8E65D9BD5E13}.Release|Win32.Build.0 = Release|Win32
	EndGlobalSection
	GlobalSection(SolutionProperties) = preSolution
		HideSolutionNode = FALSE
	EndGlobalSection
EndGlobal
